// !$*UTF8*$!
{
	archiveVersion = 1;
	classes = {
	};
	objectVersion = 46;
	objects = {

/* Begin PBXBuildFile section */
		7648C2771DDCC00100B45A21 /* AppDelegate.swift in Sources */ = {isa = PBXBuildFile; fileRef = 7648C2761DDCC00100B45A21 /* AppDelegate.swift */; };
		7648C2791DDCC00100B45A21 /* ViewController.swift in Sources */ = {isa = PBXBuildFile; fileRef = 7648C2781DDCC00100B45A21 /* ViewController.swift */; };
		7648C27C1DDCC00100B45A21 /* Main.storyboard in Resources */ = {isa = PBXBuildFile; fileRef = 7648C27A1DDCC00100B45A21 /* Main.storyboard */; };
		7648C27E1DDCC00100B45A21 /* Assets.xcassets in Resources */ = {isa = PBXBuildFile; fileRef = 7648C27D1DDCC00100B45A21 /* Assets.xcassets */; };
		7648C2811DDCC00100B45A21 /* LaunchScreen.storyboard in Resources */ = {isa = PBXBuildFile; fileRef = 7648C27F1DDCC00100B45A21 /* LaunchScreen.storyboard */; };
/* End PBXBuildFile section */

/* Begin PBXFileReference section */
		7648C2731DDCC00000B45A21 /* DPTest.app */ = {isa = PBXFileReference; explicitFileType = wrapper.application; includeInIndex = 0; path = DPTest.app; sourceTree = BUILT_PRODUCTS_DIR; };
		7648C2761DDCC00100B45A21 /* AppDelegate.swift */ = {isa = PBXFileReference; lastKnownFileType = sourcecode.swift; path = AppDelegate.swift; sourceTree = "<group>"; };
		7648C2781DDCC00100B45A21 /* ViewController.swift */ = {isa = PBXFileReference; lastKnownFileType = sourcecode.swift; path = ViewController.swift; sourceTree = "<group>"; };
		7648C27B1DDCC00100B45A21 /* Base */ = {isa = PBXFileReference; lastKnownFileType = file.storyboard; name = Base; path = Base.lproj/Main.storyboard; sourceTree = "<group>"; };
		7648C27D1DDCC00100B45A21 /* Assets.xcassets */ = {isa = PBXFileReference; lastKnownFileType = folder.assetcatalog; path = Assets.xcassets; sourceTree = "<group>"; };
		7648C2801DDCC00100B45A21 /* Base */ = {isa = PBXFileReference; lastKnownFileType = file.storyboard; name = Base; path = Base.lproj/LaunchScreen.storyboard; sourceTree = "<group>"; };
		7648C2821DDCC00100B45A21 /* Info.plist */ = {isa = PBXFileReference; lastKnownFileType = text.plist.xml; path = Info.plist; sourceTree = "<group>"; };
		7648C2881DDCC01D00B45A21 /* DPTest.entitlements */ = {isa = PBXFileReference; lastKnownFileType = text.plist.entitlements; path = DPTest.entitlements; sourceTree = "<group>"; };
/* End PBXFileReference section */

/* Begin PBXFrameworksBuildPhase section */
		7648C2701DDCC00000B45A21 /* Frameworks */ = {
			isa = PBXFrameworksBuildPhase;
			buildActionMask = 2147483647;
			files = (
			);
			runOnlyForDeploymentPostprocessing = 0;
		};
/* End PBXFrameworksBuildPhase section */

/* Begin PBXGroup section */
		7648C26A1DDCC00000B45A21 = {
			isa = PBXGroup;
			children = (
				7648C2751DDCC00000B45A21 /* DPTest */,
				7648C2741DDCC00000B45A21 /* Products */,
			);
			sourceTree = "<group>";
		};
		7648C2741DDCC00000B45A21 /* Products */ = {
			isa = PBXGroup;
			children = (
				7648C2731DDCC00000B45A21 /* DPTest.app */,
			);
			name = Products;
			sourceTree = "<group>";
		};
		7648C2751DDCC00000B45A21 /* DPTest */ = {
			isa = PBXGroup;
			children = (
				7648C2881DDCC01D00B45A21 /* DPTest.entitlements */,
				7648C2761DDCC00100B45A21 /* AppDelegate.swift */,
				7648C2781DDCC00100B45A21 /* ViewController.swift */,
				7648C27A1DDCC00100B45A21 /* Main.storyboard */,
				7648C27D1DDCC00100B45A21 /* Assets.xcassets */,
				7648C27F1DDCC00100B45A21 /* LaunchScreen.storyboard */,
				7648C2821DDCC00100B45A21 /* Info.plist */,
			);
			path = DPTest;
			sourceTree = "<group>";
		};
/* End PBXGroup section */

/* Begin PBXNativeTarget section */
		7648C2721DDCC00000B45A21 /* DPTest */ = {
			isa = PBXNativeTarget;
			buildConfigurationList = 7648C2851DDCC00100B45A21 /* Build configuration list for PBXNativeTarget "DPTest" */;
			buildPhases = (
				7648C26F1DDCC00000B45A21 /* Sources */,
				7648C2701DDCC00000B45A21 /* Frameworks */,
				7648C2711DDCC00000B45A21 /* Resources */,
			);
			buildRules = (
			);
			dependencies = (
			);
			name = DPTest;
			productName = DPTest;
			productReference = 7648C2731DDCC00000B45A21 /* DPTest.app */;
			productType = "com.apple.product-type.application";
		};
/* End PBXNativeTarget section */

/* Begin PBXProject section */
		7648C26B1DDCC00000B45A21 /* Project object */ = {
			isa = PBXProject;
			attributes = {
				LastSwiftUpdateCheck = 0810;
				LastUpgradeCheck = 0810;
				ORGANIZATIONNAME = Adyen;
				TargetAttributes = {
					7648C2721DDCC00000B45A21 = {
						CreatedOnToolsVersion = 8.1;
						DevelopmentTeam = B2NYSS5932;
						ProvisioningStyle = Automatic;
						SystemCapabilities = {
							com.apple.iCloud = {
								enabled = 1;
							};
						};
					};
				};
			};
			buildConfigurationList = 7648C26E1DDCC00000B45A21 /* Build configuration list for PBXProject "DPTest" */;
			compatibilityVersion = "Xcode 3.2";
			developmentRegion = English;
			hasScannedForEncodings = 0;
			knownRegions = (
				en,
				Base,
			);
			mainGroup = 7648C26A1DDCC00000B45A21;
			productRefGroup = 7648C2741DDCC00000B45A21 /* Products */;
			projectDirPath = "";
			projectRoot = "";
			targets = (
				7648C2721DDCC00000B45A21 /* DPTest */,
			);
		};
/* End PBXProject section */

/* Begin PBXResourcesBuildPhase section */
		7648C2711DDCC00000B45A21 /* Resources */ = {
			isa = PBXResourcesBuildPhase;
			buildActionMask = 2147483647;
			files = (
				7648C2811DDCC00100B45A21 /* LaunchScreen.storyboard in Resources */,
				7648C27E1DDCC00100B45A21 /* Assets.xcassets in Resources */,
				7648C27C1DDCC00100B45A21 /* Main.storyboard in Resources */,
			);
			runOnlyForDeploymentPostprocessing = 0;
		};
/* End PBXResourcesBuildPhase section */

/* Begin PBXSourcesBuildPhase section */
		7648C26F1DDCC00000B45A21 /* Sources */ = {
			isa = PBXSourcesBuildPhase;
			buildActionMask = 2147483647;
			files = (
				7648C2791DDCC00100B45A21 /* ViewController.swift in Sources */,
				7648C2771DDCC00100B45A21 /* AppDelegate.swift in Sources */,
			);
			runOnlyForDeploymentPostprocessing = 0;
		};
/* End PBXSourcesBuildPhase section */

/* Begin PBXVariantGroup section */
		7648C27A1DDCC00100B45A21 /* Main.storyboard */ = {
			isa = PBXVariantGroup;
			children = (
				7648C27B1DDCC00100B45A21 /* Base */,
			);
			name = Main.storyboard;
			sourceTree = "<group>";
		};
		7648C27F1DDCC00100B45A21 /* LaunchScreen.storyboard */ = {
			isa = PBXVariantGroup;
			children = (
				7648C2801DDCC00100B45A21 /* Base */,
			);
			name = LaunchScreen.storyboard;
			sourceTree = "<group>";
		};
/* End PBXVariantGroup section */

/* Begin XCBuildConfiguration section */
		7648C2831DDCC00100B45A21 /* Debug */ = {
			isa = XCBuildConfiguration;
			buildSettings = {
				ALWAYS_SEARCH_USER_PATHS = NO;
				CLANG_ANALYZER_NONNULL = YES;
				CLANG_CXX_LANGUAGE_STANDARD = "gnu++0x";
				CLANG_CXX_LIBRARY = "libc++";
				CLANG_ENABLE_MODULES = YES;
				CLANG_ENABLE_OBJC_ARC = YES;
				CLANG_WARN_BOOL_CONVERSION = YES;
				CLANG_WARN_CONSTANT_CONVERSION = YES;
				CLANG_WARN_DIRECT_OBJC_ISA_USAGE = YES_ERROR;
				CLANG_WARN_DOCUMENTATION_COMMENTS = YES;
				CLANG_WARN_EMPTY_BODY = YES;
				CLANG_WARN_ENUM_CONVERSION = YES;
				CLANG_WARN_INFINITE_RECURSION = YES;
				CLANG_WARN_INT_CONVERSION = YES;
				CLANG_WARN_OBJC_ROOT_CLASS = YES_ERROR;
				CLANG_WARN_SUSPICIOUS_MOVES = YES;
				CLANG_WARN_UNREACHABLE_CODE = YES;
				CLANG_WARN__DUPLICATE_METHOD_MATCH = YES;
				"CODE_SIGN_IDENTITY[sdk=iphoneos*]" = "iPhone Developer";
				COPY_PHASE_STRIP = NO;
				DEBUG_INFORMATION_FORMAT = dwarf;
				ENABLE_STRICT_OBJC_MSGSEND = YES;
				ENABLE_TESTABILITY = YES;
				GCC_C_LANGUAGE_STANDARD = gnu99;
				GCC_DYNAMIC_NO_PIC = NO;
				GCC_NO_COMMON_BLOCKS = YES;
				GCC_OPTIMIZATION_LEVEL = 0;
				GCC_PREPROCESSOR_DEFINITIONS = (
					"DEBUG=1",
					"$(inherited)",
				);
				GCC_WARN_64_TO_32_BIT_CONVERSION = YES;
				GCC_WARN_ABOUT_RETURN_TYPE = YES_ERROR;
				GCC_WARN_UNDECLARED_SELECTOR = YES;
				GCC_WARN_UNINITIALIZED_AUTOS = YES_AGGRESSIVE;
				GCC_WARN_UNUSED_FUNCTION = YES;
				GCC_WARN_UNUSED_VARIABLE = YES;
				IPHONEOS_DEPLOYMENT_TARGET = 10.1;
				MTL_ENABLE_DEBUG_INFO = YES;
				ONLY_ACTIVE_ARCH = YES;
				SDKROOT = iphoneos;
				SWIFT_ACTIVE_COMPILATION_CONDITIONS = DEBUG;
				SWIFT_OPTIMIZATION_LEVEL = "-Onone";
				TARGETED_DEVICE_FAMILY = "1,2";
			};
			name = Debug;
		};
		7648C2841DDCC00100B45A21 /* Release */ = {
			isa = XCBuildConfiguration;
			buildSettings = {
				ALWAYS_SEARCH_USER_PATHS = NO;
				CLANG_ANALYZER_NONNULL = YES;
				CLANG_CXX_LANGUAGE_STANDARD = "gnu++0x";
				CLANG_CXX_LIBRARY = "libc++";
				CLANG_ENABLE_MODULES = YES;
				CLANG_ENABLE_OBJC_ARC = YES;
				CLANG_WARN_BOOL_CONVERSION = YES;
				CLANG_WARN_CONSTANT_CONVERSION = YES;
				CLANG_WARN_DIRECT_OBJC_ISA_USAGE = YES_ERROR;
				CLANG_WARN_DOCUMENTATION_COMMENTS = YES;
				CLANG_WARN_EMPTY_BODY = YES;
				CLANG_WARN_ENUM_CONVERSION = YES;
				CLANG_WARN_INFINITE_RECURSION = YES;
				CLANG_WARN_INT_CONVERSION = YES;
				CLANG_WARN_OBJC_ROOT_CLASS = YES_ERROR;
				CLANG_WARN_SUSPICIOUS_MOVES = YES;
				CLANG_WARN_UNREACHABLE_CODE = YES;
				CLANG_WARN__DUPLICATE_METHOD_MATCH = YES;
				"CODE_SIGN_IDENTITY[sdk=iphoneos*]" = "iPhone Developer";
				COPY_PHASE_STRIP = NO;
				DEBUG_INFORMATION_FORMAT = "dwarf-with-dsym";
				ENABLE_NS_ASSERTIONS = NO;
				ENABLE_STRICT_OBJC_MSGSEND = YES;
				GCC_C_LANGUAGE_STANDARD = gnu99;
				GCC_NO_COMMON_BLOCKS = YES;
				GCC_WARN_64_TO_32_BIT_CONVERSION = YES;
				GCC_WARN_ABOUT_RETURN_TYPE = YES_ERROR;
				GCC_WARN_UNDECLARED_SELECTOR = YES;
				GCC_WARN_UNINITIALIZED_AUTOS = YES_AGGRESSIVE;
				GCC_WARN_UNUSED_FUNCTION = YES;
				GCC_WARN_UNUSED_VARIABLE = YES;
				IPHONEOS_DEPLOYMENT_TARGET = 10.1;
				MTL_ENABLE_DEBUG_INFO = NO;
				SDKROOT = iphoneos;
				SWIFT_OPTIMIZATION_LEVEL = "-Owholemodule";
				TARGETED_DEVICE_FAMILY = "1,2";
				VALIDATE_PRODUCT = YES;
			};
			name = Release;
		};
		7648C2861DDCC00100B45A21 /* Debug */ = {
			isa = XCBuildConfiguration;
			buildSettings = {
				ASSETCATALOG_COMPILER_APPICON_NAME = AppIcon;
				CODE_SIGN_ENTITLEMENTS = DPTest/DPTest.entitlements;
				DEVELOPMENT_TEAM = B2NYSS5932;
				INFOPLIST_FILE = DPTest/Info.plist;
				IPHONEOS_DEPLOYMENT_TARGET = 9.0;
				LD_RUNPATH_SEARCH_PATHS = "$(inherited) @executable_path/Frameworks";
				PRODUCT_BUNDLE_IDENTIFIER = com.adyen.DPTest;
				PRODUCT_NAME = "$(TARGET_NAME)";
				SWIFT_VERSION = 3.0;
			};
			name = Debug;
		};
		7648C2871DDCC00100B45A21 /* Release */ = {
			isa = XCBuildConfiguration;
			buildSettings = {
				ASSETCATALOG_COMPILER_APPICON_NAME = AppIcon;
				CODE_SIGN_ENTITLEMENTS = DPTest/DPTest.entitlements;
				DEVELOPMENT_TEAM = B2NYSS5932;
				INFOPLIST_FILE = DPTest/Info.plist;
				IPHONEOS_DEPLOYMENT_TARGET = 9.0;
				LD_RUNPATH_SEARCH_PATHS = "$(inherited) @executable_path/Frameworks";
				PRODUCT_BUNDLE_IDENTIFIER = com.adyen.DPTest;
				PRODUCT_NAME = "$(TARGET_NAME)";
				SWIFT_VERSION = 3.0;
			};
			name = Release;
		};
/* End XCBuildConfiguration section */

/* Begin XCConfigurationList section */
		7648C26E1DDCC00000B45A21 /* Build configuration list for PBXProject "DPTest" */ = {
			isa = XCConfigurationList;
			buildConfigurations = (
				7648C2831DDCC00100B45A21 /* Debug */,
				7648C2841DDCC00100B45A21 /* Release */,
			);
			defaultConfigurationIsVisible = 0;
			defaultConfigurationName = Release;
		};
		7648C2851DDCC00100B45A21 /* Build configuration list for PBXNativeTarget "DPTest" */ = {
			isa = XCConfigurationList;
			buildConfigurations = (
				7648C2861DDCC00100B45A21 /* Debug */,
				7648C2871DDCC00100B45A21 /* Release */,
			);
			defaultConfigurationIsVisible = 0;
		};
/* End XCConfigurationList section */
	};
	rootObject = 7648C26B1DDCC00000B45A21 /* Project object */;
}
